// !$*UTF8*$!
{
	archiveVersion = 1;
	classes = {
	};
	objectVersion = 51;
	objects = {

/* Begin PBXBuildFile section */
		E5267ED054C28B901490AD22 /* Pods_debuet.framework in Frameworks */ = {isa = PBXBuildFile; fileRef = 74D4D5A9263700B3FF3F72D3 /* Pods_debuet.framework */; };
		ED09F1E622D1E43B00E0C349 /* Calculation.swift in Sources */ = {isa = PBXBuildFile; fileRef = ED09F1E522D1E43B00E0C349 /* Calculation.swift */; };
		ED09F1E822D3A84800E0C349 /* UserInfomationEditViewController.swift in Sources */ = {isa = PBXBuildFile; fileRef = ED09F1E722D3A84700E0C349 /* UserInfomationEditViewController.swift */; };
		ED09F1EA22D808FE00E0C349 /* DateRelation.swift in Sources */ = {isa = PBXBuildFile; fileRef = ED09F1E922D808FE00E0C349 /* DateRelation.swift */; };
		ED12BBFF22AEB53400DBFE60 /* AppDelegate.swift in Sources */ = {isa = PBXBuildFile; fileRef = ED12BBFE22AEB53400DBFE60 /* AppDelegate.swift */; };
		ED12BC0122AEB53400DBFE60 /* ViewController.swift in Sources */ = {isa = PBXBuildFile; fileRef = ED12BC0022AEB53400DBFE60 /* ViewController.swift */; };
		ED12BC0422AEB53400DBFE60 /* Main.storyboard in Resources */ = {isa = PBXBuildFile; fileRef = ED12BC0222AEB53400DBFE60 /* Main.storyboard */; };
		ED12BC0622AEB53700DBFE60 /* Assets.xcassets in Resources */ = {isa = PBXBuildFile; fileRef = ED12BC0522AEB53700DBFE60 /* Assets.xcassets */; };
		ED12BC0922AEB53700DBFE60 /* LaunchScreen.storyboard in Resources */ = {isa = PBXBuildFile; fileRef = ED12BC0722AEB53700DBFE60 /* LaunchScreen.storyboard */; };
		ED12BC3322AFBD4C00DBFE60 /* GoogleService-Info.plist in Resources */ = {isa = PBXBuildFile; fileRef = ED12BC3222AFBD4C00DBFE60 /* GoogleService-Info.plist */; };
		ED12BC5D22B3D48200DBFE60 /* RegisterViewController.swift in Sources */ = {isa = PBXBuildFile; fileRef = ED12BC5C22B3D48200DBFE60 /* RegisterViewController.swift */; };
		ED27092B22E78B03008C1272 /* RecordViewController.swift in Sources */ = {isa = PBXBuildFile; fileRef = ED27092A22E78B03008C1272 /* RecordViewController.swift */; };
		ED27092D22E78B3B008C1272 /* TimeLineViewController.swift in Sources */ = {isa = PBXBuildFile; fileRef = ED27092C22E78B3B008C1272 /* TimeLineViewController.swift */; };
		ED2793BE22E0EC6000EB3C81 /* MyPageFoodViewController.swift in Sources */ = {isa = PBXBuildFile; fileRef = ED2793BD22E0EC6000EB3C81 /* MyPageFoodViewController.swift */; };
		ED2793C022E2D92B00EB3C81 /* TopTabViewController.swift in Sources */ = {isa = PBXBuildFile; fileRef = ED2793BF22E2D92B00EB3C81 /* TopTabViewController.swift */; };
		ED2793C222E3141500EB3C81 /* UserSettingViewController.swift in Sources */ = {isa = PBXBuildFile; fileRef = ED2793C122E3141500EB3C81 /* UserSettingViewController.swift */; };
		ED7C72A022E3F87A001B9E9A /* PrivacyPolicyViewController.swift in Sources */ = {isa = PBXBuildFile; fileRef = ED7C729F22E3F87A001B9E9A /* PrivacyPolicyViewController.swift */; };
		EDA5B99C22CE6E7A0080BE8F /* ErrorMessage.swift in Sources */ = {isa = PBXBuildFile; fileRef = EDA5B99B22CE6E7A0080BE8F /* ErrorMessage.swift */; };
		EDA5B99E22CE87F30080BE8F /* RetrySendMailViewController.swift in Sources */ = {isa = PBXBuildFile; fileRef = EDA5B99D22CE87F30080BE8F /* RetrySendMailViewController.swift */; };
		EDA5B9A022CE97E10080BE8F /* HomeViewController.swift in Sources */ = {isa = PBXBuildFile; fileRef = EDA5B99F22CE97E10080BE8F /* HomeViewController.swift */; };
		EDA5B9A222CF1E340080BE8F /* UserInfomation.swift in Sources */ = {isa = PBXBuildFile; fileRef = EDA5B9A122CF1E340080BE8F /* UserInfomation.swift */; };
		EDB62A2122CCB928006F8B85 /* UserGoalCreateViewController.swift in Sources */ = {isa = PBXBuildFile; fileRef = EDB62A2022CCB928006F8B85 /* UserGoalCreateViewController.swift */; };
		EDB62A2322CE608A006F8B85 /* PassForgetViewController.swift in Sources */ = {isa = PBXBuildFile; fileRef = EDB62A2222CE608A006F8B85 /* PassForgetViewController.swift */; };
		EDFA9ED222DA422000E95B6F /* MyPageWeightViewController.swift in Sources */ = {isa = PBXBuildFile; fileRef = EDFA9ED122DA422000E95B6F /* MyPageWeightViewController.swift */; };
		EDFA9ED422DCED6E00E95B6F /* MenuViewController.swift in Sources */ = {isa = PBXBuildFile; fileRef = EDFA9ED322DCED6E00E95B6F /* MenuViewController.swift */; };
		EDFD5B8422B3F6C7002E5592 /* LoginViewController.swift in Sources */ = {isa = PBXBuildFile; fileRef = EDFD5B8322B3F6C7002E5592 /* LoginViewController.swift */; };
		EDFD5B8622B58270002E5592 /* ProfileCreateViewController.swift in Sources */ = {isa = PBXBuildFile; fileRef = EDFD5B8522B58270002E5592 /* ProfileCreateViewController.swift */; };
		EDFD5BAA22B8CC87002E5592 /* FirstViewController.swift in Sources */ = {isa = PBXBuildFile; fileRef = EDFD5BA922B8CC87002E5592 /* FirstViewController.swift */; };
		EDFD5BCE22BA1788002E5592 /* EnhancedCircleImageView.swift in Sources */ = {isa = PBXBuildFile; fileRef = EDFD5BCD22BA1788002E5592 /* EnhancedCircleImageView.swift */; };
		EDFD5BD022BB6BC9002E5592 /* Color.swift in Sources */ = {isa = PBXBuildFile; fileRef = EDFD5BCF22BB6BC9002E5592 /* Color.swift */; };
		EDFD5BDA22BF5D3D002E5592 /* ValidationErrorType.swift in Sources */ = {isa = PBXBuildFile; fileRef = EDFD5BD922BF5D3D002E5592 /* ValidationErrorType.swift */; };
		EDFD5BDC22BFFC37002E5592 /* UserDetailEditViewController.swift in Sources */ = {isa = PBXBuildFile; fileRef = EDFD5BDB22BFFC37002E5592 /* UserDetailEditViewController.swift */; };
		EDFD5BDE22C08A79002E5592 /* LTHRadioButton.swift in Sources */ = {isa = PBXBuildFile; fileRef = EDFD5BDD22C08A79002E5592 /* LTHRadioButton.swift */; };
		EDFE4BAD22E37D4300D4D5BF /* ChangeMailViewController.swift in Sources */ = {isa = PBXBuildFile; fileRef = EDFE4BAC22E37D4300D4D5BF /* ChangeMailViewController.swift */; };
		EDFE4BAF22E3851C00D4D5BF /* ChangePassViewController.swift in Sources */ = {isa = PBXBuildFile; fileRef = EDFE4BAE22E3851C00D4D5BF /* ChangePassViewController.swift */; };
		EDFE4BB122E3CD5100D4D5BF /* TOSViewController.swift in Sources */ = {isa = PBXBuildFile; fileRef = EDFE4BB022E3CD5100D4D5BF /* TOSViewController.swift */; };
		EDFE4BB322E3D8BA00D4D5BF /* UneditableText.swift in Sources */ = {isa = PBXBuildFile; fileRef = EDFE4BB222E3D8BA00D4D5BF /* UneditableText.swift */; };
/* End PBXBuildFile section */

/* Begin PBXFileReference section */
		61CD7C6583BA0EA8473CB737 /* Pods-debuet.debug.xcconfig */ = {isa = PBXFileReference; includeInIndex = 1; lastKnownFileType = text.xcconfig; name = "Pods-debuet.debug.xcconfig"; path = "Target Support Files/Pods-debuet/Pods-debuet.debug.xcconfig"; sourceTree = "<group>"; };
		74D4D5A9263700B3FF3F72D3 /* Pods_debuet.framework */ = {isa = PBXFileReference; explicitFileType = wrapper.framework; includeInIndex = 0; path = Pods_debuet.framework; sourceTree = BUILT_PRODUCTS_DIR; };
		C54E8487CF5BDB88EC991707 /* Pods-debuet.release.xcconfig */ = {isa = PBXFileReference; includeInIndex = 1; lastKnownFileType = text.xcconfig; name = "Pods-debuet.release.xcconfig"; path = "Target Support Files/Pods-debuet/Pods-debuet.release.xcconfig"; sourceTree = "<group>"; };
		ED09F1E522D1E43B00E0C349 /* Calculation.swift */ = {isa = PBXFileReference; lastKnownFileType = sourcecode.swift; path = Calculation.swift; sourceTree = "<group>"; };
		ED09F1E722D3A84700E0C349 /* UserInfomationEditViewController.swift */ = {isa = PBXFileReference; lastKnownFileType = sourcecode.swift; path = UserInfomationEditViewController.swift; sourceTree = "<group>"; };
		ED09F1E922D808FE00E0C349 /* DateRelation.swift */ = {isa = PBXFileReference; lastKnownFileType = sourcecode.swift; path = DateRelation.swift; sourceTree = "<group>"; };
		ED12BBFB22AEB53400DBFE60 /* debuet.app */ = {isa = PBXFileReference; explicitFileType = wrapper.application; includeInIndex = 0; path = debuet.app; sourceTree = BUILT_PRODUCTS_DIR; };
		ED12BBFE22AEB53400DBFE60 /* AppDelegate.swift */ = {isa = PBXFileReference; lastKnownFileType = sourcecode.swift; path = AppDelegate.swift; sourceTree = "<group>"; };
		ED12BC0022AEB53400DBFE60 /* ViewController.swift */ = {isa = PBXFileReference; lastKnownFileType = sourcecode.swift; path = ViewController.swift; sourceTree = "<group>"; };
		ED12BC0322AEB53400DBFE60 /* Base */ = {isa = PBXFileReference; lastKnownFileType = file.storyboard; name = Base; path = Base.lproj/Main.storyboard; sourceTree = "<group>"; };
		ED12BC0522AEB53700DBFE60 /* Assets.xcassets */ = {isa = PBXFileReference; lastKnownFileType = folder.assetcatalog; path = Assets.xcassets; sourceTree = "<group>"; };
		ED12BC0822AEB53700DBFE60 /* Base */ = {isa = PBXFileReference; lastKnownFileType = file.storyboard; name = Base; path = Base.lproj/LaunchScreen.storyboard; sourceTree = "<group>"; };
		ED12BC0A22AEB53700DBFE60 /* Info.plist */ = {isa = PBXFileReference; lastKnownFileType = text.plist.xml; path = Info.plist; sourceTree = "<group>"; };
		ED12BC3222AFBD4C00DBFE60 /* GoogleService-Info.plist */ = {isa = PBXFileReference; fileEncoding = 4; lastKnownFileType = text.plist.xml; path = "GoogleService-Info.plist"; sourceTree = "<group>"; };
		ED12BC5C22B3D48200DBFE60 /* RegisterViewController.swift */ = {isa = PBXFileReference; lastKnownFileType = sourcecode.swift; path = RegisterViewController.swift; sourceTree = "<group>"; };
		ED27092A22E78B03008C1272 /* RecordViewController.swift */ = {isa = PBXFileReference; lastKnownFileType = sourcecode.swift; path = RecordViewController.swift; sourceTree = "<group>"; };
		ED27092C22E78B3B008C1272 /* TimeLineViewController.swift */ = {isa = PBXFileReference; lastKnownFileType = sourcecode.swift; path = TimeLineViewController.swift; sourceTree = "<group>"; };
		ED2793BD22E0EC6000EB3C81 /* MyPageFoodViewController.swift */ = {isa = PBXFileReference; lastKnownFileType = sourcecode.swift; path = MyPageFoodViewController.swift; sourceTree = "<group>"; };
		ED2793BF22E2D92B00EB3C81 /* TopTabViewController.swift */ = {isa = PBXFileReference; lastKnownFileType = sourcecode.swift; path = TopTabViewController.swift; sourceTree = "<group>"; };
		ED2793C122E3141500EB3C81 /* UserSettingViewController.swift */ = {isa = PBXFileReference; lastKnownFileType = sourcecode.swift; path = UserSettingViewController.swift; sourceTree = "<group>"; };
		ED7C729F22E3F87A001B9E9A /* PrivacyPolicyViewController.swift */ = {isa = PBXFileReference; lastKnownFileType = sourcecode.swift; path = PrivacyPolicyViewController.swift; sourceTree = "<group>"; };
		EDA5B99B22CE6E7A0080BE8F /* ErrorMessage.swift */ = {isa = PBXFileReference; lastKnownFileType = sourcecode.swift; path = ErrorMessage.swift; sourceTree = "<group>"; };
		EDA5B99D22CE87F30080BE8F /* RetrySendMailViewController.swift */ = {isa = PBXFileReference; lastKnownFileType = sourcecode.swift; path = RetrySendMailViewController.swift; sourceTree = "<group>"; };
		EDA5B99F22CE97E10080BE8F /* HomeViewController.swift */ = {isa = PBXFileReference; lastKnownFileType = sourcecode.swift; path = HomeViewController.swift; sourceTree = "<group>"; tabWidth = 4; };
		EDA5B9A122CF1E340080BE8F /* UserInfomation.swift */ = {isa = PBXFileReference; lastKnownFileType = sourcecode.swift; path = UserInfomation.swift; sourceTree = "<group>"; };
		EDB62A2022CCB928006F8B85 /* UserGoalCreateViewController.swift */ = {isa = PBXFileReference; lastKnownFileType = sourcecode.swift; path = UserGoalCreateViewController.swift; sourceTree = "<group>"; };
		EDB62A2222CE608A006F8B85 /* PassForgetViewController.swift */ = {isa = PBXFileReference; lastKnownFileType = sourcecode.swift; path = PassForgetViewController.swift; sourceTree = "<group>"; };
		EDFA9ED122DA422000E95B6F /* MyPageWeightViewController.swift */ = {isa = PBXFileReference; lastKnownFileType = sourcecode.swift; path = MyPageWeightViewController.swift; sourceTree = "<group>"; };
		EDFA9ED322DCED6E00E95B6F /* MenuViewController.swift */ = {isa = PBXFileReference; lastKnownFileType = sourcecode.swift; path = MenuViewController.swift; sourceTree = "<group>"; };
		EDFD5B8322B3F6C7002E5592 /* LoginViewController.swift */ = {isa = PBXFileReference; lastKnownFileType = sourcecode.swift; path = LoginViewController.swift; sourceTree = "<group>"; };
		EDFD5B8522B58270002E5592 /* ProfileCreateViewController.swift */ = {isa = PBXFileReference; lastKnownFileType = sourcecode.swift; lineEnding = 0; path = ProfileCreateViewController.swift; sourceTree = "<group>"; };
		EDFD5BA922B8CC87002E5592 /* FirstViewController.swift */ = {isa = PBXFileReference; lastKnownFileType = sourcecode.swift; path = FirstViewController.swift; sourceTree = "<group>"; };
		EDFD5BCD22BA1788002E5592 /* EnhancedCircleImageView.swift */ = {isa = PBXFileReference; lastKnownFileType = sourcecode.swift; path = EnhancedCircleImageView.swift; sourceTree = "<group>"; };
		EDFD5BCF22BB6BC9002E5592 /* Color.swift */ = {isa = PBXFileReference; lastKnownFileType = sourcecode.swift; path = Color.swift; sourceTree = "<group>"; };
		EDFD5BD922BF5D3D002E5592 /* ValidationErrorType.swift */ = {isa = PBXFileReference; lastKnownFileType = sourcecode.swift; path = ValidationErrorType.swift; sourceTree = "<group>"; };
		EDFD5BDB22BFFC37002E5592 /* UserDetailEditViewController.swift */ = {isa = PBXFileReference; lastKnownFileType = sourcecode.swift; path = UserDetailEditViewController.swift; sourceTree = "<group>"; };
		EDFD5BDD22C08A79002E5592 /* LTHRadioButton.swift */ = {isa = PBXFileReference; lastKnownFileType = sourcecode.swift; path = LTHRadioButton.swift; sourceTree = "<group>"; };
		EDFE4BAC22E37D4300D4D5BF /* ChangeMailViewController.swift */ = {isa = PBXFileReference; lastKnownFileType = sourcecode.swift; path = ChangeMailViewController.swift; sourceTree = "<group>"; };
		EDFE4BAE22E3851C00D4D5BF /* ChangePassViewController.swift */ = {isa = PBXFileReference; lastKnownFileType = sourcecode.swift; path = ChangePassViewController.swift; sourceTree = "<group>"; };
		EDFE4BB022E3CD5100D4D5BF /* TOSViewController.swift */ = {isa = PBXFileReference; lastKnownFileType = sourcecode.swift; path = TOSViewController.swift; sourceTree = "<group>"; };
		EDFE4BB222E3D8BA00D4D5BF /* UneditableText.swift */ = {isa = PBXFileReference; lastKnownFileType = sourcecode.swift; path = UneditableText.swift; sourceTree = "<group>"; };
/* End PBXFileReference section */

/* Begin PBXFrameworksBuildPhase section */
		ED12BBF822AEB53400DBFE60 /* Frameworks */ = {
			isa = PBXFrameworksBuildPhase;
			buildActionMask = 2147483647;
			files = (
				E5267ED054C28B901490AD22 /* Pods_debuet.framework in Frameworks */,
			);
			runOnlyForDeploymentPostprocessing = 0;
		};
/* End PBXFrameworksBuildPhase section */

/* Begin PBXGroup section */
		0AFA45E8E39EBEC5A4BE9F9B /* Frameworks */ = {
			isa = PBXGroup;
			children = (
				74D4D5A9263700B3FF3F72D3 /* Pods_debuet.framework */,
			);
			name = Frameworks;
			sourceTree = "<group>";
		};
		B736A3EC4E24F6F196FA9D41 /* Pods */ = {
			isa = PBXGroup;
			children = (
				61CD7C6583BA0EA8473CB737 /* Pods-debuet.debug.xcconfig */,
				C54E8487CF5BDB88EC991707 /* Pods-debuet.release.xcconfig */,
			);
			path = Pods;
			sourceTree = "<group>";
		};
		ED12BBF222AEB53400DBFE60 = {
			isa = PBXGroup;
			children = (
				ED12BBFD22AEB53400DBFE60 /* debuet */,
				ED12BBFC22AEB53400DBFE60 /* Products */,
				B736A3EC4E24F6F196FA9D41 /* Pods */,
				0AFA45E8E39EBEC5A4BE9F9B /* Frameworks */,
			);
			sourceTree = "<group>";
		};
		ED12BBFC22AEB53400DBFE60 /* Products */ = {
			isa = PBXGroup;
			children = (
				ED12BBFB22AEB53400DBFE60 /* debuet.app */,
			);
			name = Products;
			sourceTree = "<group>";
		};
		ED12BBFD22AEB53400DBFE60 /* debuet */ = {
			isa = PBXGroup;
			children = (
				ED12BBFE22AEB53400DBFE60 /* AppDelegate.swift */,
				EDFD5BD922BF5D3D002E5592 /* ValidationErrorType.swift */,
				EDFD5BCD22BA1788002E5592 /* EnhancedCircleImageView.swift */,
				EDFD5BDD22C08A79002E5592 /* LTHRadioButton.swift */,
				EDA5B99B22CE6E7A0080BE8F /* ErrorMessage.swift */,
				EDFD5BCF22BB6BC9002E5592 /* Color.swift */,
				EDFE4BB222E3D8BA00D4D5BF /* UneditableText.swift */,
				EDA5B9A122CF1E340080BE8F /* UserInfomation.swift */,
				ED09F1E922D808FE00E0C349 /* DateRelation.swift */,
				ED09F1E522D1E43B00E0C349 /* Calculation.swift */,
				ED12BC0222AEB53400DBFE60 /* Main.storyboard */,
				ED12BC0722AEB53700DBFE60 /* LaunchScreen.storyboard */,
				EDFD5BA922B8CC87002E5592 /* FirstViewController.swift */,
				ED12BC0022AEB53400DBFE60 /* ViewController.swift */,
				ED12BC5C22B3D48200DBFE60 /* RegisterViewController.swift */,
				EDFD5B8522B58270002E5592 /* ProfileCreateViewController.swift */,
				EDFD5BDB22BFFC37002E5592 /* UserDetailEditViewController.swift */,
				EDB62A2022CCB928006F8B85 /* UserGoalCreateViewController.swift */,
				EDFD5B8322B3F6C7002E5592 /* LoginViewController.swift */,
				EDB62A2222CE608A006F8B85 /* PassForgetViewController.swift */,
				EDA5B99D22CE87F30080BE8F /* RetrySendMailViewController.swift */,
				EDA5B99F22CE97E10080BE8F /* HomeViewController.swift */,
				ED2793BF22E2D92B00EB3C81 /* TopTabViewController.swift */,
				EDFA9ED122DA422000E95B6F /* MyPageWeightViewController.swift */,
				ED2793BD22E0EC6000EB3C81 /* MyPageFoodViewController.swift */,
				ED27092A22E78B03008C1272 /* RecordViewController.swift */,
				ED27092C22E78B3B008C1272 /* TimeLineViewController.swift */,
				EDFA9ED322DCED6E00E95B6F /* MenuViewController.swift */,
				ED09F1E722D3A84700E0C349 /* UserInfomationEditViewController.swift */,
				ED2793C122E3141500EB3C81 /* UserSettingViewController.swift */,
				EDFE4BAC22E37D4300D4D5BF /* ChangeMailViewController.swift */,
				EDFE4BAE22E3851C00D4D5BF /* ChangePassViewController.swift */,
				EDFE4BB022E3CD5100D4D5BF /* TOSViewController.swift */,
				ED7C729F22E3F87A001B9E9A /* PrivacyPolicyViewController.swift */,
				ED12BC0522AEB53700DBFE60 /* Assets.xcassets */,
				ED12BC0A22AEB53700DBFE60 /* Info.plist */,
				ED12BC3222AFBD4C00DBFE60 /* GoogleService-Info.plist */,
			);
			path = debuet;
			sourceTree = "<group>";
		};
/* End PBXGroup section */

/* Begin PBXNativeTarget section */
		ED12BBFA22AEB53400DBFE60 /* debuet */ = {
			isa = PBXNativeTarget;
			buildConfigurationList = ED12BC0D22AEB53700DBFE60 /* Build configuration list for PBXNativeTarget "debuet" */;
			buildPhases = (
				335303FA5DEE7D126691FEC5 /* [CP] Check Pods Manifest.lock */,
				ED12BBF722AEB53400DBFE60 /* Sources */,
				ED12BBF822AEB53400DBFE60 /* Frameworks */,
				ED12BBF922AEB53400DBFE60 /* Resources */,
				D7722280F3753825193C1373 /* [CP] Embed Pods Frameworks */,
			);
			buildRules = (
			);
			dependencies = (
			);
			name = debuet;
			productName = debuet;
			productReference = ED12BBFB22AEB53400DBFE60 /* debuet.app */;
			productType = "com.apple.product-type.application";
		};
/* End PBXNativeTarget section */

/* Begin PBXProject section */
		ED12BBF322AEB53400DBFE60 /* Project object */ = {
			isa = PBXProject;
			attributes = {
				LastSwiftUpdateCheck = 1020;
				LastUpgradeCheck = 1020;
				ORGANIZATIONNAME = ShunsukeKatahira;
				TargetAttributes = {
					ED12BBFA22AEB53400DBFE60 = {
						CreatedOnToolsVersion = 10.2.1;
					};
				};
			};
			buildConfigurationList = ED12BBF622AEB53400DBFE60 /* Build configuration list for PBXProject "debuet" */;
			compatibilityVersion = "Xcode 9.3";
			developmentRegion = en;
			hasScannedForEncodings = 0;
			knownRegions = (
				en,
				Base,
			);
			mainGroup = ED12BBF222AEB53400DBFE60;
			productRefGroup = ED12BBFC22AEB53400DBFE60 /* Products */;
			projectDirPath = "";
			projectRoot = "";
			targets = (
				ED12BBFA22AEB53400DBFE60 /* debuet */,
			);
		};
/* End PBXProject section */

/* Begin PBXResourcesBuildPhase section */
		ED12BBF922AEB53400DBFE60 /* Resources */ = {
			isa = PBXResourcesBuildPhase;
			buildActionMask = 2147483647;
			files = (
				ED12BC0922AEB53700DBFE60 /* LaunchScreen.storyboard in Resources */,
				ED12BC3322AFBD4C00DBFE60 /* GoogleService-Info.plist in Resources */,
				ED12BC0622AEB53700DBFE60 /* Assets.xcassets in Resources */,
				ED12BC0422AEB53400DBFE60 /* Main.storyboard in Resources */,
			);
			runOnlyForDeploymentPostprocessing = 0;
		};
/* End PBXResourcesBuildPhase section */

/* Begin PBXShellScriptBuildPhase section */
		335303FA5DEE7D126691FEC5 /* [CP] Check Pods Manifest.lock */ = {
			isa = PBXShellScriptBuildPhase;
			buildActionMask = 2147483647;
			files = (
			);
			inputFileListPaths = (
			);
			inputPaths = (
				"${PODS_PODFILE_DIR_PATH}/Podfile.lock",
				"${PODS_ROOT}/Manifest.lock",
			);
			name = "[CP] Check Pods Manifest.lock";
			outputFileListPaths = (
			);
			outputPaths = (
				"$(DERIVED_FILE_DIR)/Pods-debuet-checkManifestLockResult.txt",
			);
			runOnlyForDeploymentPostprocessing = 0;
			shellPath = /bin/sh;
			shellScript = "diff \"${PODS_PODFILE_DIR_PATH}/Podfile.lock\" \"${PODS_ROOT}/Manifest.lock\" > /dev/null\nif [ $? != 0 ] ; then\n    # print error to STDERR\n    echo \"error: The sandbox is not in sync with the Podfile.lock. Run 'pod install' or update your CocoaPods installation.\" >&2\n    exit 1\nfi\n# This output is used by Xcode 'outputs' to avoid re-running this script phase.\necho \"SUCCESS\" > \"${SCRIPT_OUTPUT_FILE_0}\"\n";
			showEnvVarsInLog = 0;
		};
		D7722280F3753825193C1373 /* [CP] Embed Pods Frameworks */ = {
			isa = PBXShellScriptBuildPhase;
			buildActionMask = 2147483647;
			files = (
			);
			inputFileListPaths = (
				"${PODS_ROOT}/Target Support Files/Pods-debuet/Pods-debuet-frameworks-${CONFIGURATION}-input-files.xcfilelist",
			);
			name = "[CP] Embed Pods Frameworks";
			outputFileListPaths = (
				"${PODS_ROOT}/Target Support Files/Pods-debuet/Pods-debuet-frameworks-${CONFIGURATION}-output-files.xcfilelist",
			);
			runOnlyForDeploymentPostprocessing = 0;
			shellPath = /bin/sh;
			shellScript = "\"${PODS_ROOT}/Target Support Files/Pods-debuet/Pods-debuet-frameworks.sh\"\n";
			showEnvVarsInLog = 0;
		};
/* End PBXShellScriptBuildPhase section */

/* Begin PBXSourcesBuildPhase section */
		ED12BBF722AEB53400DBFE60 /* Sources */ = {
			isa = PBXSourcesBuildPhase;
			buildActionMask = 2147483647;
			files = (
				EDA5B9A222CF1E340080BE8F /* UserInfomation.swift in Sources */,
				EDFE4BB322E3D8BA00D4D5BF /* UneditableText.swift in Sources */,
				ED09F1E622D1E43B00E0C349 /* Calculation.swift in Sources */,
				EDFA9ED222DA422000E95B6F /* MyPageWeightViewController.swift in Sources */,
				EDFE4BB122E3CD5100D4D5BF /* TOSViewController.swift in Sources */,
				EDFD5B8422B3F6C7002E5592 /* LoginViewController.swift in Sources */,
				ED12BC5D22B3D48200DBFE60 /* RegisterViewController.swift in Sources */,
				EDFD5BDE22C08A79002E5592 /* LTHRadioButton.swift in Sources */,
				ED2793C022E2D92B00EB3C81 /* TopTabViewController.swift in Sources */,
				EDB62A2322CE608A006F8B85 /* PassForgetViewController.swift in Sources */,
				EDFD5BDC22BFFC37002E5592 /* UserDetailEditViewController.swift in Sources */,
				EDFD5B8622B58270002E5592 /* ProfileCreateViewController.swift in Sources */,
				EDFD5BCE22BA1788002E5592 /* EnhancedCircleImageView.swift in Sources */,
				ED27092D22E78B3B008C1272 /* TimeLineViewController.swift in Sources */,
				EDB62A2122CCB928006F8B85 /* UserGoalCreateViewController.swift in Sources */,
				EDFE4BAF22E3851C00D4D5BF /* ChangePassViewController.swift in Sources */,
				EDA5B99C22CE6E7A0080BE8F /* ErrorMessage.swift in Sources */,
				ED09F1EA22D808FE00E0C349 /* DateRelation.swift in Sources */,
				ED12BC0122AEB53400DBFE60 /* ViewController.swift in Sources */,
				EDA5B99E22CE87F30080BE8F /* RetrySendMailViewController.swift in Sources */,
				EDFA9ED422DCED6E00E95B6F /* MenuViewController.swift in Sources */,
				ED09F1E822D3A84800E0C349 /* UserInfomationEditViewController.swift in Sources */,
				ED2793BE22E0EC6000EB3C81 /* MyPageFoodViewController.swift in Sources */,
				EDA5B9A022CE97E10080BE8F /* HomeViewController.swift in Sources */,
				ED2793C222E3141500EB3C81 /* UserSettingViewController.swift in Sources */,
				EDFD5BDA22BF5D3D002E5592 /* ValidationErrorType.swift in Sources */,
				EDFD5BD022BB6BC9002E5592 /* Color.swift in Sources */,
				EDFE4BAD22E37D4300D4D5BF /* ChangeMailViewController.swift in Sources */,
				ED7C72A022E3F87A001B9E9A /* PrivacyPolicyViewController.swift in Sources */,
				ED27092B22E78B03008C1272 /* RecordViewController.swift in Sources */,
				ED12BBFF22AEB53400DBFE60 /* AppDelegate.swift in Sources */,
				EDFD5BAA22B8CC87002E5592 /* FirstViewController.swift in Sources */,
			);
			runOnlyForDeploymentPostprocessing = 0;
		};
/* End PBXSourcesBuildPhase section */

/* Begin PBXVariantGroup section */
		ED12BC0222AEB53400DBFE60 /* Main.storyboard */ = {
			isa = PBXVariantGroup;
			children = (
				ED12BC0322AEB53400DBFE60 /* Base */,
			);
			name = Main.storyboard;
			sourceTree = "<group>";
		};
		ED12BC0722AEB53700DBFE60 /* LaunchScreen.storyboard */ = {
			isa = PBXVariantGroup;
			children = (
				ED12BC0822AEB53700DBFE60 /* Base */,
			);
			name = LaunchScreen.storyboard;
			sourceTree = "<group>";
		};
/* End PBXVariantGroup section */

/* Begin XCBuildConfiguration section */
		ED12BC0B22AEB53700DBFE60 /* Debug */ = {
			isa = XCBuildConfiguration;
			buildSettings = {
				ALWAYS_SEARCH_USER_PATHS = NO;
				CLANG_ANALYZER_NONNULL = YES;
				CLANG_ANALYZER_NUMBER_OBJECT_CONVERSION = YES_AGGRESSIVE;
				CLANG_CXX_LANGUAGE_STANDARD = "gnu++14";
				CLANG_CXX_LIBRARY = "libc++";
				CLANG_ENABLE_MODULES = YES;
				CLANG_ENABLE_OBJC_ARC = YES;
				CLANG_ENABLE_OBJC_WEAK = YES;
				CLANG_WARN_BLOCK_CAPTURE_AUTORELEASING = YES;
				CLANG_WARN_BOOL_CONVERSION = YES;
				CLANG_WARN_COMMA = YES;
				CLANG_WARN_CONSTANT_CONVERSION = YES;
				CLANG_WARN_DEPRECATED_OBJC_IMPLEMENTATIONS = YES;
				CLANG_WARN_DIRECT_OBJC_ISA_USAGE = YES_ERROR;
				CLANG_WARN_DOCUMENTATION_COMMENTS = YES;
				CLANG_WARN_EMPTY_BODY = YES;
				CLANG_WARN_ENUM_CONVERSION = YES;
				CLANG_WARN_INFINITE_RECURSION = YES;
				CLANG_WARN_INT_CONVERSION = YES;
				CLANG_WARN_NON_LITERAL_NULL_CONVERSION = YES;
				CLANG_WARN_OBJC_IMPLICIT_RETAIN_SELF = YES;
				CLANG_WARN_OBJC_LITERAL_CONVERSION = YES;
				CLANG_WARN_OBJC_ROOT_CLASS = YES_ERROR;
				CLANG_WARN_RANGE_LOOP_ANALYSIS = YES;
				CLANG_WARN_STRICT_PROTOTYPES = YES;
				CLANG_WARN_SUSPICIOUS_MOVE = YES;
				CLANG_WARN_UNGUARDED_AVAILABILITY = YES_AGGRESSIVE;
				CLANG_WARN_UNREACHABLE_CODE = YES;
				CLANG_WARN__DUPLICATE_METHOD_MATCH = YES;
				CODE_SIGN_IDENTITY = "iPhone Developer";
				COPY_PHASE_STRIP = NO;
				DEBUG_INFORMATION_FORMAT = dwarf;
				ENABLE_STRICT_OBJC_MSGSEND = YES;
				ENABLE_TESTABILITY = YES;
				GCC_C_LANGUAGE_STANDARD = gnu11;
				GCC_DYNAMIC_NO_PIC = NO;
				GCC_NO_COMMON_BLOCKS = YES;
				GCC_OPTIMIZATION_LEVEL = 0;
				GCC_PREPROCESSOR_DEFINITIONS = (
					"DEBUG=1",
					"$(inherited)",
				);
				GCC_WARN_64_TO_32_BIT_CONVERSION = YES;
				GCC_WARN_ABOUT_RETURN_TYPE = YES_ERROR;
				GCC_WARN_UNDECLARED_SELECTOR = YES;
				GCC_WARN_UNINITIALIZED_AUTOS = YES_AGGRESSIVE;
				GCC_WARN_UNUSED_FUNCTION = YES;
				GCC_WARN_UNUSED_VARIABLE = YES;
				IPHONEOS_DEPLOYMENT_TARGET = 12.2;
				MTL_ENABLE_DEBUG_INFO = INCLUDE_SOURCE;
				MTL_FAST_MATH = YES;
				ONLY_ACTIVE_ARCH = YES;
				SDKROOT = iphoneos;
				SWIFT_ACTIVE_COMPILATION_CONDITIONS = DEBUG;
				SWIFT_OPTIMIZATION_LEVEL = "-Onone";
			};
			name = Debug;
		};
		ED12BC0C22AEB53700DBFE60 /* Release */ = {
			isa = XCBuildConfiguration;
			buildSettings = {
				ALWAYS_SEARCH_USER_PATHS = NO;
				CLANG_ANALYZER_NONNULL = YES;
				CLANG_ANALYZER_NUMBER_OBJECT_CONVERSION = YES_AGGRESSIVE;
				CLANG_CXX_LANGUAGE_STANDARD = "gnu++14";
				CLANG_CXX_LIBRARY = "libc++";
				CLANG_ENABLE_MODULES = YES;
				CLANG_ENABLE_OBJC_ARC = YES;
				CLANG_ENABLE_OBJC_WEAK = YES;
				CLANG_WARN_BLOCK_CAPTURE_AUTORELEASING = YES;
				CLANG_WARN_BOOL_CONVERSION = YES;
				CLANG_WARN_COMMA = YES;
				CLANG_WARN_CONSTANT_CONVERSION = YES;
				CLANG_WARN_DEPRECATED_OBJC_IMPLEMENTATIONS = YES;
				CLANG_WARN_DIRECT_OBJC_ISA_USAGE = YES_ERROR;
				CLANG_WARN_DOCUMENTATION_COMMENTS = YES;
				CLANG_WARN_EMPTY_BODY = YES;
				CLANG_WARN_ENUM_CONVERSION = YES;
				CLANG_WARN_INFINITE_RECURSION = YES;
				CLANG_WARN_INT_CONVERSION = YES;
				CLANG_WARN_NON_LITERAL_NULL_CONVERSION = YES;
				CLANG_WARN_OBJC_IMPLICIT_RETAIN_SELF = YES;
				CLANG_WARN_OBJC_LITERAL_CONVERSION = YES;
				CLANG_WARN_OBJC_ROOT_CLASS = YES_ERROR;
				CLANG_WARN_RANGE_LOOP_ANALYSIS = YES;
				CLANG_WARN_STRICT_PROTOTYPES = YES;
				CLANG_WARN_SUSPICIOUS_MOVE = YES;
				CLANG_WARN_UNGUARDED_AVAILABILITY = YES_AGGRESSIVE;
				CLANG_WARN_UNREACHABLE_CODE = YES;
				CLANG_WARN__DUPLICATE_METHOD_MATCH = YES;
				CODE_SIGN_IDENTITY = "iPhone Developer";
				COPY_PHASE_STRIP = NO;
				DEBUG_INFORMATION_FORMAT = "dwarf-with-dsym";
				ENABLE_NS_ASSERTIONS = NO;
				ENABLE_STRICT_OBJC_MSGSEND = YES;
				GCC_C_LANGUAGE_STANDARD = gnu11;
				GCC_NO_COMMON_BLOCKS = YES;
				GCC_WARN_64_TO_32_BIT_CONVERSION = YES;
				GCC_WARN_ABOUT_RETURN_TYPE = YES_ERROR;
				GCC_WARN_UNDECLARED_SELECTOR = YES;
				GCC_WARN_UNINITIALIZED_AUTOS = YES_AGGRESSIVE;
				GCC_WARN_UNUSED_FUNCTION = YES;
				GCC_WARN_UNUSED_VARIABLE = YES;
				IPHONEOS_DEPLOYMENT_TARGET = 12.2;
				MTL_ENABLE_DEBUG_INFO = NO;
				MTL_FAST_MATH = YES;
				SDKROOT = iphoneos;
				SWIFT_COMPILATION_MODE = wholemodule;
				SWIFT_OPTIMIZATION_LEVEL = "-O";
				VALIDATE_PRODUCT = YES;
			};
			name = Release;
		};
		ED12BC0E22AEB53700DBFE60 /* Debug */ = {
			isa = XCBuildConfiguration;
			baseConfigurationReference = 61CD7C6583BA0EA8473CB737 /* Pods-debuet.debug.xcconfig */;
			buildSettings = {
				ASSETCATALOG_COMPILER_APPICON_NAME = AppIcon;
				CODE_SIGN_STYLE = Automatic;
				DEVELOPMENT_TEAM = VX8DA6RUQ3;
				INFOPLIST_FILE = debuet/Info.plist;
				LD_RUNPATH_SEARCH_PATHS = (
					"$(inherited)",
					"@executable_path/Frameworks",
				);
				PRODUCT_BUNDLE_IDENTIFIER = com.skatahira.debuet;
				PRODUCT_NAME = "$(TARGET_NAME)";
				SWIFT_VERSION = 5.0;
				TARGETED_DEVICE_FAMILY = 1;
			};
			name = Debug;
		};
		ED12BC0F22AEB53700DBFE60 /* Release */ = {
			isa = XCBuildConfiguration;
			baseConfigurationReference = C54E8487CF5BDB88EC991707 /* Pods-debuet.release.xcconfig */;
			buildSettings = {
				ASSETCATALOG_COMPILER_APPICON_NAME = AppIcon;
				CODE_SIGN_STYLE = Automatic;
				DEVELOPMENT_TEAM = VX8DA6RUQ3;
				INFOPLIST_FILE = debuet/Info.plist;
				LD_RUNPATH_SEARCH_PATHS = (
					"$(inherited)",
					"@executable_path/Frameworks",
				);
				PRODUCT_BUNDLE_IDENTIFIER = com.skatahira.debuet;
				PRODUCT_NAME = "$(TARGET_NAME)";
				SWIFT_VERSION = 5.0;
				TARGETED_DEVICE_FAMILY = 1;
			};
			name = Release;
		};
/* End XCBuildConfiguration section */

/* Begin XCConfigurationList section */
		ED12BBF622AEB53400DBFE60 /* Build configuration list for PBXProject "debuet" */ = {
			isa = XCConfigurationList;
			buildConfigurations = (
				ED12BC0B22AEB53700DBFE60 /* Debug */,
				ED12BC0C22AEB53700DBFE60 /* Release */,
			);
			defaultConfigurationIsVisible = 0;
			defaultConfigurationName = Release;
		};
		ED12BC0D22AEB53700DBFE60 /* Build configuration list for PBXNativeTarget "debuet" */ = {
			isa = XCConfigurationList;
			buildConfigurations = (
				ED12BC0E22AEB53700DBFE60 /* Debug */,
				ED12BC0F22AEB53700DBFE60 /* Release */,
			);
			defaultConfigurationIsVisible = 0;
			defaultConfigurationName = Release;
		};
/* End XCConfigurationList section */
	};
	rootObject = ED12BBF322AEB53400DBFE60 /* Project object */;
}
